
Microsoft Visual Studio Solution File, Format Version 12.00
# Visual Studio Version 17
VisualStudioVersion = 17.7.34018.315
MinimumVisualStudioVersion = 10.0.40219.1
Project("{FAE04EC0-301F-11D3-BF4B-00C04F79EFBC}") = "Entities", "Entities\Entities.csproj", "{9016F53C-8278-4D92-ACD2-E7F880D37E43}"
EndProject
Project("{FAE04EC0-301F-11D3-BF4B-00C04F79EFBC}") = "DataAccess", "DataAccess\DataAccess.csproj", "{9E1438C1-C232-4C77-96DA-C2EAC85431A8}"
EndProject
Project("{FAE04EC0-301F-11D3-BF4B-00C04F79EFBC}") = "Business", "Business\Business.csproj", "{E314E210-4547-4C45-B6F5-8C5A5BC18944}"
EndProject
Project("{FAE04EC0-301F-11D3-BF4B-00C04F79EFBC}") = "ConsolUI", "ConsolUI\ConsolUI.csproj", "{7D6CA285-3552-445E-84B2-06B6D6E82EB1}"
EndProject
Global
	GlobalSection(SolutionConfigurationPlatforms) = preSolution
		Debug|Any CPU = Debug|Any CPU
		Release|Any CPU = Release|Any CPU
	EndGlobalSection
	GlobalSection(ProjectConfigurationPlatforms) = postSolution
		{9016F53C-8278-4D92-ACD2-E7F880D37E43}.Debug|Any CPU.ActiveCfg = Debug|Any CPU
		{9016F53C-8278-4D92-ACD2-E7F880D37E43}.Debug|Any CPU.Build.0 = Debug|Any CPU
		{9016F53C-8278-4D92-ACD2-E7F880D37E43}.Release|Any CPU.ActiveCfg = Release|Any CPU
		{9016F53C-8278-4D92-ACD2-E7F880D37E43}.Release|Any CPU.Build.0 = Release|Any CPU
		{9E1438C1-C232-4C77-96DA-C2EAC85431A8}.Debug|Any CPU.ActiveCfg = Debug|Any CPU
		{9E1438C1-C232-4C77-96DA-C2EAC85431A8}.Debug|Any CPU.Build.0 = Debug|Any CPU
		{9E1438C1-C232-4C77-96DA-C2EAC85431A8}.Release|Any CPU.ActiveCfg = Release|Any CPU
		{9E1438C1-C232-4C77-96DA-C2EAC85431A8}.Release|Any CPU.Build.0 = Release|Any CPU
		{E314E210-4547-4C45-B6F5-8C5A5BC18944}.Debug|Any CPU.ActiveCfg = Debug|Any CPU
		{E314E210-4547-4C45-B6F5-8C5A5BC18944}.Debug|Any CPU.Build.0 = Debug|Any CPU
		{E314E210-4547-4C45-B6F5-8C5A5BC18944}.Release|Any CPU.ActiveCfg = Release|Any CPU
		{E314E210-4547-4C45-B6F5-8C5A5BC18944}.Release|Any CPU.Build.0 = Release|Any CPU
		{7D6CA285-3552-445E-84B2-06B6D6E82EB1}.Debug|Any CPU.ActiveCfg = Debug|Any CPU
		{7D6CA285-3552-445E-84B2-06B6D6E82EB1}.Debug|Any CPU.Build.0 = Debug|Any CPU
		{7D6CA285-3552-445E-84B2-06B6D6E82EB1}.Release|Any CPU.ActiveCfg = Release|Any CPU
		{7D6CA285-3552-445E-84B2-06B6D6E82EB1}.Release|Any CPU.Build.0 = Release|Any CPU
	EndGlobalSection
	GlobalSection(SolutionProperties) = preSolution
		HideSolutionNode = FALSE
	EndGlobalSection
	GlobalSection(ExtensibilityGlobals) = postSolution
		SolutionGuid = {55055C3F-AE2E-4EEE-9E84-72D6277C7D48}
	EndGlobalSection
EndGlobal
